#
# This file is autogenerated by pip-compile with Python 3.11
# by the following command:
#
#    pip-compile --output-file=requirements.lock --strip-extras pyproject.toml
#
aiohappyeyeballs==2.7.1
    # via aiohttp
aiohttp==3.14.3
    # via taskiq
aiosignal==1.4.0
    # via aiohttp
aiosqlite==0.22.1
    # via twscrape
annotated-doc==0.0.5
    # via fastapi
annotated-types==0.8.0
    # via pydantic
anyio==4.14.2
    # via
    #   httpx
    #   starlette
    #   taskiq
    #   watchfiles
attrs==26.1.0
    # via aiohttp
beautifulsoup4==4.15.0
    # via twscrape
certifi==2026.7.22
    # via
    #   httpcore
    #   httpx
    #   requests
charset-normalizer==3.5.1
    # via requests
click==8.4.2
    # via uvicorn
fake-useragent==2.2.0
    # via twscrape
fastapi==0.141.1
    # via archivex (pyproject.toml)
frozenlist==1.8.0
    # via
    #   aiohttp
    #   aiosignal
gallery-dl==1.32.9
    # via archivex (pyproject.toml)
h11==0.16.0
    # via
    #   httpcore
    #   uvicorn
httpcore==1.0.9
    # via httpx
httptools==0.8.0
    # via uvicorn
httpx==0.28.1
    # via twscrape
idna==3.19
    # via
    #   anyio
    #   httpx
    #   requests
    #   yarl
itsdangerous==2.2.0
    # via archivex (pyproject.toml)
jinja2==3.1.6
    # via archivex (pyproject.toml)
loguru==0.7.3
    # via twscrape
markupsafe==3.0.3
    # via jinja2
multidict==6.7.1
    # via
    #   aiohttp
    #   yarl
packaging==26.3
    # via taskiq
propcache==0.5.2
    # via
    #   aiohttp
    #   yarl
py-machineid==1.0.0
    # via twscrape
pycron==3.2.0
    # via taskiq
pydantic==2.13.4
    # via
    #   fastapi
    #   pydantic-settings
    #   taskiq
pydantic-core==2.46.4
    # via pydantic
pydantic-settings==2.15.0
    # via archivex (pyproject.toml)
pyotp==2.10.0
    # via twscrape
python-dotenv==1.2.3
    # via
    #   pydantic-settings
    #   uvicorn
pyyaml==6.0.3
    # via uvicorn
redis==8.1.0
    # via taskiq-redis
requests==2.34.2
    # via gallery-dl
soupsieve==2.9.2
    # via beautifulsoup4
starlette==1.6.0
    # via fastapi
taskiq==0.12.4
    # via
    #   archivex (pyproject.toml)
    #   taskiq-redis
taskiq-dependencies==1.5.7
    # via taskiq
taskiq-redis==1.2.3
    # via archivex (pyproject.toml)
twscrape==0.19.2
    # via archivex (pyproject.toml)
typing-extensions==4.16.0
    # via
    #   aiohttp
    #   aiosignal
    #   anyio
    #   beautifulsoup4
    #   fastapi
    #   pydantic
    #   pydantic-core
    #   starlette
    #   typing-inspection
typing-inspection==0.4.4
    # via
    #   fastapi
    #   pydantic
    #   pydantic-settings
urllib3==2.7.0
    # via requests
uvicorn==0.52.4
    # via archivex (pyproject.toml)
uvloop==0.22.1
    # via uvicorn
watchfiles==1.2.0
    # via uvicorn
websockets==17.0.1
    # via uvicorn
yarl==1.24.5
    # via aiohttp
